DEPENDENCIES
  apache2
    path: thirdparty-cookbooks/apache2
  apt
    path: thirdparty-cookbooks/apt
  blueprint
    path: cookbooks/blueprint
  blueprint-base
    path: cookbooks/blueprint-base
  blueprint-cms-9
    path: cookbooks/blueprint-cms-9
  blueprint-dev-tooling
    path: cookbooks/blueprint-dev-tooling
  blueprint-lc3-sap-hybris
    path: cookbooks/blueprint-lc3-sap-hybris
  blueprint-mongodb
    path: cookbooks/blueprint-mongodb
  blueprint-mysql
    path: cookbooks/blueprint-mysql
  blueprint-postgresql
    path: cookbooks/blueprint-postgresql
  blueprint-proxy
    path: cookbooks/blueprint-proxy
  blueprint-solr
    path: cookbooks/blueprint-solr
  blueprint-tomcat
    path: cookbooks/blueprint-tomcat
  blueprint-tools
    path: cookbooks/blueprint-tools
  blueprint-yum
    path: cookbooks/blueprint-yum
  build-essential
    path: thirdparty-cookbooks/build-essential
  chef-sugar
    path: thirdparty-cookbooks/chef-sugar
  chef_handler
    path: thirdparty-cookbooks/chef_handler
  compat_resource
    path: thirdparty-cookbooks/compat_resource
  coremedia-proxy
    path: coremedia-cookbooks/coremedia-proxy
  coremedia_maven
    path: coremedia-cookbooks/coremedia_maven
  coremedia_tomcat
    path: coremedia-cookbooks/coremedia_tomcat
  fpm-tng
    path: thirdparty-cookbooks/fpm-tng
  gpg
    path: thirdparty-cookbooks/gpg
  mingw
    path: thirdparty-cookbooks/mingw
  mongodb3
    path: thirdparty-cookbooks/mongodb3
  mysql
    path: thirdparty-cookbooks/mysql
  nginx
    path: thirdparty-cookbooks/nginx
  ohai
    path: thirdparty-cookbooks/ohai
  openssl
    path: thirdparty-cookbooks/openssl
  packagecloud
    path: thirdparty-cookbooks/packagecloud
  postgresql
    path: thirdparty-cookbooks/postgresql
  repository
    path: thirdparty-cookbooks/repository
  reprepro
    path: thirdparty-cookbooks/reprepro
  ruby_installer
    path: thirdparty-cookbooks/ruby_installer
  runit
    path: thirdparty-cookbooks/runit
  seven_zip
    path: thirdparty-cookbooks/seven_zip
  sysctl
    path: thirdparty-cookbooks/sysctl
  ulimit
    path: thirdparty-cookbooks/ulimit
  user
    path: thirdparty-cookbooks/user
  windows
    path: thirdparty-cookbooks/windows
  yum
    path: thirdparty-cookbooks/yum
  yum-centos
    path: thirdparty-cookbooks/yum-centos
  yum-epel
    path: thirdparty-cookbooks/yum-epel
  yum-pgdg
    path: thirdparty-cookbooks/yum-pgdg
  zypper
    path: thirdparty-cookbooks/zypper

GRAPH
  apache2 (5.0.1)
  apt (7.0.0)
  blueprint (1.0.0)
  blueprint-base (1.0.0)
    chef_handler (~> 1.2.0)
    compat_resource (~> 12.19.0)
    sysctl (~> 0.6.0)
    ulimit (~> 0.3.2)
  blueprint-cms-9 (1.0.0)
    blueprint-base (>= 0.0.0)
    blueprint-proxy (>= 0.0.0)
    blueprint-tomcat (>= 0.0.0)
    coremedia-proxy (~> 1.0.0)
  blueprint-dev-tooling (1.0.0)
    blueprint-base (>= 0.0.0)
    blueprint-mongodb (>= 0.0.0)
    blueprint-mysql (>= 0.0.0)
    blueprint-postgresql (>= 0.0.0)
    blueprint-tomcat (>= 0.0.0)
    blueprint-tools (>= 0.0.0)
    blueprint-yum (>= 0.0.0)
    chef-sugar (~> 3.0)
    fpm-tng (~> 0.1.7)
  blueprint-lc3-sap-hybris (1.0.0)
    blueprint-base (>= 0.0.0)
    blueprint-proxy (>= 0.0.0)
    blueprint-tomcat (>= 0.0.0)
    coremedia-proxy (~> 1.0.0)
  blueprint-mongodb (1.0.0)
    mongodb3 (~> 5.3.0)
    ulimit (~> 0.3.0)
  blueprint-mysql (1.0.0)
    blueprint-base (>= 0.0.0)
    mysql (~> 8.3.1)
  blueprint-postgresql (1.0.0)
    blueprint-base (>= 0.0.0)
    blueprint-yum (>= 0.0.0)
    postgresql (= 6.1.1)
    yum-pgdg (~> 2.0.1)
  blueprint-proxy (1.0.0)
    blueprint-base (>= 0.0.0)
    blueprint-tomcat (>= 0.0.0)
    coremedia-proxy (~> 1.0.0)
  blueprint-solr (1.0.0)
    blueprint-base (>= 0.0.0)
    coremedia_maven (~> 2.0)
  blueprint-tomcat (1.0.0)
    blueprint-base (>= 0.0.0)
    chef-sugar (~> 3.0)
    coremedia_maven (~> 2.0.4)
    coremedia_tomcat (~> 2.2.0)
  blueprint-tools (1.0.0)
    blueprint-base (>= 0.0.0)
    coremedia_maven (~> 2.0)
  blueprint-yum (1.0.0)
    yum (~> 4.2)
    yum-centos (~> 2.3.0)
  build-essential (8.1.1)
    mingw (>= 1.1)
    seven_zip (>= 0.0.0)
  chef-sugar (3.6.0)
  chef_handler (1.2.0)
  compat_resource (12.19.1)
  coremedia-proxy (1.0.0)
    apache2 (~> 5.0.1)
    chef-sugar (~> 3.0)
  coremedia_maven (2.0.4)
  coremedia_tomcat (2.2.0)
    coremedia_maven (~> 2.0)
    ulimit (~> 0.3)
  fpm-tng (0.1.7)
    repository (>= 0.0.0)
    reprepro (>= 0.0.0)
    ruby_installer (>= 0.0.0)
  gpg (0.3.0)
  mingw (2.0.2)
    seven_zip (>= 0.0.0)
  mongodb3 (5.3.0)
    apt (>= 0.0.0)
    runit (~> 1.7.0)
    user (>= 0.0.0)
    yum (>= 0.0.0)
  mysql (8.3.1)
  nginx (8.1.4)
    build-essential (>= 5.0)
    ohai (>= 4.1.0)
    yum-epel (>= 0.0.0)
    zypper (>= 0.0.0)
  ohai (5.2.3)
  openssl (8.1.2)
  packagecloud (1.0.0)
  postgresql (6.1.1)
    build-essential (>= 2.0.0)
    compat_resource (>= 12.16.3)
    openssl (>= 4.0)
  repository (0.1.8)
    apache2 (>= 0.0.0)
    apt (>= 0.0.0)
    gpg (>= 0.2.2)
  reprepro (1.0.0)
    apache2 (>= 3.0)
    build-essential (>= 5.0)
    gpg (>= 0.0.0)
    nginx (>= 7.0)
  ruby_installer (0.1.3)
    build-essential (>= 0.0.0)
  runit (1.7.8)
    packagecloud (>= 0.0.0)
  seven_zip (3.0.0)
    windows (>= 0.0.0)
  sysctl (0.6.2)
    ohai (>= 0.0.0)
  ulimit (0.3.3)
  user (0.7.0)
  windows (4.3.4)
  yum (4.2.0)
  yum-centos (2.3.0)
    compat_resource (>= 12.16.3)
  yum-epel (3.1.0)
  yum-pgdg (2.0.1)
    compat_resource (>= 12.16.3)
  zypper (0.4.0)
