DEPENDENCIES
  7-zip
    path: thirdparty-cookbooks/7-zip
  apache2
    path: thirdparty-cookbooks/apache2
  apt
    path: thirdparty-cookbooks/apt
  bluepill
    path: thirdparty-cookbooks/bluepill
  blueprint
    path: cookbooks/blueprint
  blueprint-base
    path: cookbooks/blueprint-base
  blueprint-dev-tooling
    path: cookbooks/blueprint-dev-tooling
  blueprint-mongodb
    path: cookbooks/blueprint-mongodb
  blueprint-mysql
    path: cookbooks/blueprint-mysql
  blueprint-postgresql
    path: cookbooks/blueprint-postgresql
  blueprint-proxy
    path: cookbooks/blueprint-proxy
  blueprint-tomcat
    path: cookbooks/blueprint-tomcat
  blueprint-tools
    path: cookbooks/blueprint-tools
  blueprint-yum
    path: cookbooks/blueprint-yum
  build-essential
    path: thirdparty-cookbooks/build-essential
  chef-sugar
    path: thirdparty-cookbooks/chef-sugar
  chef_handler
    path: thirdparty-cookbooks/chef_handler
  compat_resource
    path: thirdparty-cookbooks/compat_resource
  coremedia-proxy
    path: coremedia-cookbooks/coremedia-proxy
  coremedia-tools
    path: coremedia-cookbooks/coremedia-tools
  coremedia_maven
    path: coremedia-cookbooks/coremedia_maven
  coremedia_tomcat
    path: coremedia-cookbooks/coremedia_tomcat
  fpm-tng
    path: thirdparty-cookbooks/fpm-tng
  gpg
    path: thirdparty-cookbooks/gpg
  mongodb
    path: thirdparty-cookbooks/mongodb
  mysql
    path: thirdparty-cookbooks/mysql
  nginx
    path: thirdparty-cookbooks/nginx
  ohai
    path: thirdparty-cookbooks/ohai
  openssl
    path: thirdparty-cookbooks/openssl
  packagecloud
    path: thirdparty-cookbooks/packagecloud
  postgresql
    path: thirdparty-cookbooks/postgresql
  python
    path: thirdparty-cookbooks/python
  rbac
    path: thirdparty-cookbooks/rbac
  repository
    path: thirdparty-cookbooks/repository
  reprepro
    path: thirdparty-cookbooks/reprepro
  rsyslog
    path: thirdparty-cookbooks/rsyslog
  ruby_installer
    path: thirdparty-cookbooks/ruby_installer
  runit
    path: thirdparty-cookbooks/runit
  smf
    path: thirdparty-cookbooks/smf
  sysctl
    path: thirdparty-cookbooks/sysctl
  ulimit
    path: thirdparty-cookbooks/ulimit
  windows
    path: thirdparty-cookbooks/windows
  yum
    path: thirdparty-cookbooks/yum
  yum-centos
    path: thirdparty-cookbooks/yum-centos
  yum-epel
    path: thirdparty-cookbooks/yum-epel
  yum-mysql-community
    path: thirdparty-cookbooks/yum-mysql-community
  yum-pgdg
    path: thirdparty-cookbooks/yum-pgdg

GRAPH
  7-zip (1.0.2)
    windows (>= 1.2.2)
  apache2 (3.1.0)
  apt (2.9.2)
  bluepill (2.4.2)
    rsyslog (>= 2.0)
  blueprint (1.0.0)
  blueprint-base (1.0.0)
    chef_handler (~> 1.2.0)
    sysctl (~> 0.6.0)
    ulimit (~> 0.3.2)
  blueprint-dev-tooling (1.0.0)
    apache2 (>= 0.0.0)
    blueprint-base (>= 0.0.0)
    blueprint-mongodb (>= 0.0.0)
    blueprint-mysql (>= 0.0.0)
    blueprint-postgresql (>= 0.0.0)
    blueprint-proxy (>= 0.0.0)
    blueprint-tomcat (>= 0.0.0)
    blueprint-tools (>= 0.0.0)
    blueprint-yum (>= 0.0.0)
    chef-sugar (~> 3.0)
    coremedia-proxy (>= 0.0.0)
    fpm-tng (~> 0.1.7)
  blueprint-mongodb (1.0.0)
    blueprint-yum (>= 0.0.0)
    mongodb (~> 0.16.2)
  blueprint-mysql (1.0.0)
    blueprint-base (>= 0.0.0)
    mysql (~> 6.1.0)
  blueprint-postgresql (1.0.0)
    blueprint-base (>= 0.0.0)
    blueprint-yum (>= 0.0.0)
    postgresql (~> 4.0.0)
    yum-pgdg (~> 0.2.7)
  blueprint-proxy (1.0.0)
    blueprint-base (>= 0.0.0)
    coremedia-proxy (~> 0.2)
  blueprint-tomcat (1.0.0)
    blueprint-base (>= 0.0.0)
    chef-sugar (~> 3.0)
    coremedia_maven (~> 2.0)
    coremedia_tomcat (~> 2.0)
  blueprint-tools (1.0.0)
    blueprint-base (>= 0.0.0)
    coremedia-tools (~> 1.0)
  blueprint-yum (1.0.0)
    yum (~> 3.8)
    yum-centos (~> 0.4.5)
  build-essential (2.3.1)
    7-zip (>= 0.0.0)
  chef-sugar (3.3.0)
  chef_handler (1.2.0)
  compat_resource (12.8.0)
  coremedia-proxy (0.2.6)
    apache2 (~> 3.1.0)
    chef-sugar (~> 3.0)
  coremedia-tools (1.0.3)
    coremedia_maven (~> 2.0)
  coremedia_maven (2.0.4)
  coremedia_tomcat (2.0.9)
    coremedia_maven (~> 2.0)
    ulimit (~> 0.3)
  fpm-tng (0.1.7)
    repository (>= 0.0.0)
    reprepro (>= 0.0.0)
    ruby_installer (>= 0.0.0)
  gpg (0.2.2)
  mongodb (0.16.2)
    apt (>= 1.8.2)
    python (>= 0.0.0)
    runit (>= 1.5.0)
    yum (>= 3.0)
  mysql (6.1.2)
    smf (>= 0.0.0)
    yum-mysql-community (>= 0.0.0)
  nginx (2.7.6)
    apt (~> 2.2)
    bluepill (~> 2.3)
    build-essential (~> 2.0)
    ohai (~> 2.0)
    runit (~> 1.2)
    yum-epel (~> 0.3)
  ohai (2.1.0)
  openssl (4.4.0)
    chef-sugar (>= 3.1.1)
  packagecloud (0.2.0)
  postgresql (4.0.2)
    apt (>= 1.9.0)
    build-essential (>= 0.0.0)
    openssl (~> 4.0)
  python (1.4.6)
    build-essential (>= 0.0.0)
    yum-epel (>= 0.0.0)
  rbac (1.0.3)
  repository (0.1.8)
    apache2 (>= 0.0.0)
    apt (>= 0.0.0)
    gpg (>= 0.2.2)
  reprepro (0.4.2)
    apache2 (>= 0.0.0)
    apt (>= 0.0.0)
    build-essential (>= 0.0.0)
    gpg (>= 0.0.0)
    nginx (>= 0.0.0)
  rsyslog (4.0.0)
    compat_resource (>= 0.0.0)
  ruby_installer (0.1.3)
    build-essential (>= 0.0.0)
  runit (1.7.6)
    packagecloud (>= 0.0.0)
  smf (2.2.8)
    rbac (>= 1.0.1)
  sysctl (0.6.2)
    ohai (>= 0.0.0)
  ulimit (0.3.3)
  windows (1.39.2)
    chef_handler (>= 0.0.0)
  yum (3.10.0)
  yum-centos (0.4.12)
    yum (~> 3.10.0)
  yum-epel (0.6.6)
    yum (~> 3.10.0)
  yum-mysql-community (0.1.21)
    yum (>= 3.2)
  yum-pgdg (0.2.7)
    yum (~> 3.2)
